
Microsoft Visual Studio Solution File, Format Version 12.00
# Visual Studio Version 17
VisualStudioVersion = 17.4.33213.308
MinimumVisualStudioVersion = 10.0.40219.1
Project("{FAE04EC0-301F-11D3-BF4B-00C04F79EFBC}") = "FinalProject", "FinalProject\FinalProject.csproj", "{F3DA9BE5-1E9C-4D0F-A53F-164E3BE1B27B}"
EndProject
Project("{00D1A9C2-B5F0-4AF3-8072-F6C62B433612}") = "Database1", "..\..\..\source\repos\Database1\Database1.sqlproj", "{F8BC8C77-CDBF-48AA-B335-EE315E31D26D}"
EndProject
Global
	GlobalSection(SolutionConfigurationPlatforms) = preSolution
		Debug|Any CPU = Debug|Any CPU
		Release|Any CPU = Release|Any CPU
	EndGlobalSection
	GlobalSection(ProjectConfigurationPlatforms) = postSolution
		{F3DA9BE5-1E9C-4D0F-A53F-164E3BE1B27B}.Debug|Any CPU.ActiveCfg = Debug|Any CPU
		{F3DA9BE5-1E9C-4D0F-A53F-164E3BE1B27B}.Debug|Any CPU.Build.0 = Debug|Any CPU
		{F3DA9BE5-1E9C-4D0F-A53F-164E3BE1B27B}.Release|Any CPU.ActiveCfg = Release|Any CPU
		{F3DA9BE5-1E9C-4D0F-A53F-164E3BE1B27B}.Release|Any CPU.Build.0 = Release|Any CPU
		{F8BC8C77-CDBF-48AA-B335-EE315E31D26D}.Debug|Any CPU.ActiveCfg = Debug|Any CPU
		{F8BC8C77-CDBF-48AA-B335-EE315E31D26D}.Debug|Any CPU.Build.0 = Debug|Any CPU
		{F8BC8C77-CDBF-48AA-B335-EE315E31D26D}.Debug|Any CPU.Deploy.0 = Debug|Any CPU
		{F8BC8C77-CDBF-48AA-B335-EE315E31D26D}.Release|Any CPU.ActiveCfg = Release|Any CPU
		{F8BC8C77-CDBF-48AA-B335-EE315E31D26D}.Release|Any CPU.Build.0 = Release|Any CPU
		{F8BC8C77-CDBF-48AA-B335-EE315E31D26D}.Release|Any CPU.Deploy.0 = Release|Any CPU
	EndGlobalSection
	GlobalSection(SolutionProperties) = preSolution
		HideSolutionNode = FALSE
	EndGlobalSection
	GlobalSection(ExtensibilityGlobals) = postSolution
		SolutionGuid = {14E0162D-0634-4619-B331-1C97388A81AB}
	EndGlobalSection
EndGlobal
